// !$*UTF8*$!
{
	archiveVersion = 1;
	classes = {
	};
	objectVersion = 77;
	objects = {

/* Begin PBXBuildFile section */
		281A94B22EB97CF200F5AB5E /* FirebaseAI in Frameworks */ = {isa = PBXBuildFile; productRef = 281A94B12EB97CF200F5AB5E /* FirebaseAI */; };
		281A94B42EB97CF200F5AB5E /* FirebaseAILogic in Frameworks */ = {isa = PBXBuildFile; productRef = 281A94B32EB97CF200F5AB5E /* FirebaseAILogic */; };
		281A94B62EB97CF200F5AB5E /* FirebaseAnalytics in Frameworks */ = {isa = PBXBuildFile; productRef = 281A94B52EB97CF200F5AB5E /* FirebaseAnalytics */; };
		281A94B82EB97CF200F5AB5E /* FirebaseAnalyticsCore in Frameworks */ = {isa = PBXBuildFile; productRef = 281A94B72EB97CF200F5AB5E /* FirebaseAnalyticsCore */; };
		281A94BA2EB97CF200F5AB5E /* FirebaseAnalyticsIdentitySupport in Frameworks */ = {isa = PBXBuildFile; productRef = 281A94B92EB97CF200F5AB5E /* FirebaseAnalyticsIdentitySupport */; };
		281A94BC2EB97CF200F5AB5E /* FirebaseCrashlytics in Frameworks */ = {isa = PBXBuildFile; productRef = 281A94BB2EB97CF200F5AB5E /* FirebaseCrashlytics */; };
		281A94BE2EB97CF200F5AB5E /* FirebaseDatabase in Frameworks */ = {isa = PBXBuildFile; productRef = 281A94BD2EB97CF200F5AB5E /* FirebaseDatabase */; };
		281A94C02EB97CF200F5AB5E /* FirebaseFirestore in Frameworks */ = {isa = PBXBuildFile; productRef = 281A94BF2EB97CF200F5AB5E /* FirebaseFirestore */; };
		281A94C22EB97CF200F5AB5E /* FirebaseInstallations in Frameworks */ = {isa = PBXBuildFile; productRef = 281A94C12EB97CF200F5AB5E /* FirebaseInstallations */; };
		281A94C42EB97CF200F5AB5E /* FirebaseMLModelDownloader in Frameworks */ = {isa = PBXBuildFile; productRef = 281A94C32EB97CF200F5AB5E /* FirebaseMLModelDownloader */; };
		281A94C62EB97CF200F5AB5E /* FirebaseStorage in Frameworks */ = {isa = PBXBuildFile; productRef = 281A94C52EB97CF200F5AB5E /* FirebaseStorage */; };
/* End PBXBuildFile section */

/* Begin PBXFileReference section */
		FB88BD9C2EA82A0D00DED886 /* BrainLock.app */ = {isa = PBXFileReference; explicitFileType = wrapper.application; includeInIndex = 0; path = BrainLock.app; sourceTree = BUILT_PRODUCTS_DIR; };
/* End PBXFileReference section */

/* Begin PBXFileSystemSynchronizedRootGroup section */
		FB88BD9E2EA82A0D00DED886 /* BrainLock */ = {
			isa = PBXFileSystemSynchronizedRootGroup;
			path = BrainLock;
			sourceTree = "<group>";
		};
/* End PBXFileSystemSynchronizedRootGroup section */

/* Begin PBXFrameworksBuildPhase section */
		FB88BD992EA82A0D00DED886 /* Frameworks */ = {
			isa = PBXFrameworksBuildPhase;
			buildActionMask = 2147483647;
			files = (
				281A94B42EB97CF200F5AB5E /* FirebaseAILogic in Frameworks */,
				281A94BA2EB97CF200F5AB5E /* FirebaseAnalyticsIdentitySupport in Frameworks */,
				281A94B22EB97CF200F5AB5E /* FirebaseAI in Frameworks */,
				281A94C22EB97CF200F5AB5E /* FirebaseInstallations in Frameworks */,
				281A94BC2EB97CF200F5AB5E /* FirebaseCrashlytics in Frameworks */,
				281A94B62EB97CF200F5AB5E /* FirebaseAnalytics in Frameworks */,
				281A94C02EB97CF200F5AB5E /* FirebaseFirestore in Frameworks */,
				281A94C42EB97CF200F5AB5E /* FirebaseMLModelDownloader in Frameworks */,
				281A94C62EB97CF200F5AB5E /* FirebaseStorage in Frameworks */,
				281A94BE2EB97CF200F5AB5E /* FirebaseDatabase in Frameworks */,
				281A94B82EB97CF200F5AB5E /* FirebaseAnalyticsCore in Frameworks */,
			);
			runOnlyForDeploymentPostprocessing = 0;
		};
/* End PBXFrameworksBuildPhase section */

/* Begin PBXGroup section */
		FB88BD932EA82A0D00DED886 = {
			isa = PBXGroup;
			children = (
				FB88BD9E2EA82A0D00DED886 /* BrainLock */,
				FB88BD9D2EA82A0D00DED886 /* Products */,
			);
			sourceTree = "<group>";
		};
		FB88BD9D2EA82A0D00DED886 /* Products */ = {
			isa = PBXGroup;
			children = (
				FB88BD9C2EA82A0D00DED886 /* BrainLock.app */,
			);
			name = Products;
			sourceTree = "<group>";
		};
/* End PBXGroup section */

/* Begin PBXNativeTarget section */
		FB88BD9B2EA82A0D00DED886 /* BrainLock */ = {
			isa = PBXNativeTarget;
			buildConfigurationList = FB88BDA72EA82A0E00DED886 /* Build configuration list for PBXNativeTarget "BrainLock" */;
			buildPhases = (
				FB88BD982EA82A0D00DED886 /* Sources */,
				FB88BD992EA82A0D00DED886 /* Frameworks */,
				FB88BD9A2EA82A0D00DED886 /* Resources */,
			);
			buildRules = (
			);
			dependencies = (
			);
			fileSystemSynchronizedGroups = (
				FB88BD9E2EA82A0D00DED886 /* BrainLock */,
			);
			name = BrainLock;
			packageProductDependencies = (
				281A94B12EB97CF200F5AB5E /* FirebaseAI */,
				281A94B32EB97CF200F5AB5E /* FirebaseAILogic */,
				281A94B52EB97CF200F5AB5E /* FirebaseAnalytics */,
				281A94B72EB97CF200F5AB5E /* FirebaseAnalyticsCore */,
				281A94B92EB97CF200F5AB5E /* FirebaseAnalyticsIdentitySupport */,
				281A94BB2EB97CF200F5AB5E /* FirebaseCrashlytics */,
				281A94BD2EB97CF200F5AB5E /* FirebaseDatabase */,
				281A94BF2EB97CF200F5AB5E /* FirebaseFirestore */,
				281A94C12EB97CF200F5AB5E /* FirebaseInstallations */,
				281A94C32EB97CF200F5AB5E /* FirebaseMLModelDownloader */,
				281A94C52EB97CF200F5AB5E /* FirebaseStorage */,
			);
			productName = BrainLock;
			productReference = FB88BD9C2EA82A0D00DED886 /* BrainLock.app */;
			productType = "com.apple.product-type.application";
		};
/* End PBXNativeTarget section */

/* Begin PBXProject section */
		FB88BD942EA82A0D00DED886 /* Project object */ = {
			isa = PBXProject;
			attributes = {
				BuildIndependentTargetsInParallel = 1;
				LastSwiftUpdateCheck = 2600;
				LastUpgradeCheck = 2610;
				TargetAttributes = {
					FB88BD9B2EA82A0D00DED886 = {
						CreatedOnToolsVersion = 26.0.1;
					};
				};
			};
			buildConfigurationList = FB88BD972EA82A0D00DED886 /* Build configuration list for PBXProject "BrainLock" */;
			developmentRegion = en;
			hasScannedForEncodings = 0;
			knownRegions = (
				en,
				Base,
			);
			mainGroup = FB88BD932EA82A0D00DED886;
			minimizedProjectReferenceProxies = 1;
			packageReferences = (
				281A94B02EB97CF200F5AB5E /* XCRemoteSwiftPackageReference "firebase-ios-sdk" */,
			);
			preferredProjectObjectVersion = 77;
			productRefGroup = FB88BD9D2EA82A0D00DED886 /* Products */;
			projectDirPath = "";
			projectRoot = "";
			targets = (
				FB88BD9B2EA82A0D00DED886 /* BrainLock */,
			);
		};
/* End PBXProject section */

/* Begin PBXResourcesBuildPhase section */
		FB88BD9A2EA82A0D00DED886 /* Resources */ = {
			isa = PBXResourcesBuildPhase;
			buildActionMask = 2147483647;
			files = (
			);
			runOnlyForDeploymentPostprocessing = 0;
		};
/* End PBXResourcesBuildPhase section */

/* Begin PBXSourcesBuildPhase section */
		FB88BD982EA82A0D00DED886 /* Sources */ = {
			isa = PBXSourcesBuildPhase;
			buildActionMask = 2147483647;
			files = (
			);
			runOnlyForDeploymentPostprocessing = 0;
		};
/* End PBXSourcesBuildPhase section */

/* Begin XCBuildConfiguration section */
		FB88BDA52EA82A0E00DED886 /* Debug */ = {
			isa = XCBuildConfiguration;
			buildSettings = {
				ALWAYS_SEARCH_USER_PATHS = NO;
				ASSETCATALOG_COMPILER_GENERATE_SWIFT_ASSET_SYMBOL_EXTENSIONS = YES;
				CLANG_ANALYZER_NONNULL = YES;
				CLANG_ANALYZER_NUMBER_OBJECT_CONVERSION = YES_AGGRESSIVE;
				CLANG_CXX_LANGUAGE_STANDARD = "gnu++20";
				CLANG_ENABLE_MODULES = YES;
				CLANG_ENABLE_OBJC_ARC = YES;
				CLANG_ENABLE_OBJC_WEAK = YES;
				CLANG_WARN_BLOCK_CAPTURE_AUTORELEASING = YES;
				CLANG_WARN_BOOL_CONVERSION = YES;
				CLANG_WARN_COMMA = YES;
				CLANG_WARN_CONSTANT_CONVERSION = YES;
				CLANG_WARN_DEPRECATED_OBJC_IMPLEMENTATIONS = YES;
				CLANG_WARN_DIRECT_OBJC_ISA_USAGE = YES_ERROR;
				CLANG_WARN_DOCUMENTATION_COMMENTS = YES;
				CLANG_WARN_EMPTY_BODY = YES;
				CLANG_WARN_ENUM_CONVERSION = YES;
				CLANG_WARN_INFINITE_RECURSION = YES;
				CLANG_WARN_INT_CONVERSION = YES;
				CLANG_WARN_NON_LITERAL_NULL_CONVERSION = YES;
				CLANG_WARN_OBJC_IMPLICIT_RETAIN_SELF = YES;
				CLANG_WARN_OBJC_LITERAL_CONVERSION = YES;
				CLANG_WARN_OBJC_ROOT_CLASS = YES_ERROR;
				CLANG_WARN_QUOTED_INCLUDE_IN_FRAMEWORK_HEADER = YES;
				CLANG_WARN_RANGE_LOOP_ANALYSIS = YES;
				CLANG_WARN_STRICT_PROTOTYPES = YES;
				CLANG_WARN_SUSPICIOUS_MOVE = YES;
				CLANG_WARN_UNGUARDED_AVAILABILITY = YES_AGGRESSIVE;
				CLANG_WARN_UNREACHABLE_CODE = YES;
				CLANG_WARN__DUPLICATE_METHOD_MATCH = YES;
				COPY_PHASE_STRIP = NO;
				DEBUG_INFORMATION_FORMAT = dwarf;
				ENABLE_STRICT_OBJC_MSGSEND = YES;
				ENABLE_TESTABILITY = YES;
				ENABLE_USER_SCRIPT_SANDBOXING = YES;
				GCC_C_LANGUAGE_STANDARD = gnu17;
				GCC_DYNAMIC_NO_PIC = NO;
				GCC_NO_COMMON_BLOCKS = YES;
				GCC_OPTIMIZATION_LEVEL = 0;
				GCC_PREPROCESSOR_DEFINITIONS = (
					"DEBUG=1",
					"$(inherited)",
				);
				GCC_WARN_64_TO_32_BIT_CONVERSION = YES;
				GCC_WARN_ABOUT_RETURN_TYPE = YES_ERROR;
				GCC_WARN_UNDECLARED_SELECTOR = YES;
				GCC_WARN_UNINITIALIZED_AUTOS = YES_AGGRESSIVE;
				GCC_WARN_UNUSED_FUNCTION = YES;
				GCC_WARN_UNUSED_VARIABLE = YES;
				IPHONEOS_DEPLOYMENT_TARGET = 26.0;
				LOCALIZATION_PREFERS_STRING_CATALOGS = YES;
				MTL_ENABLE_DEBUG_INFO = INCLUDE_SOURCE;
				MTL_FAST_MATH = YES;
				ONLY_ACTIVE_ARCH = YES;
				SDKROOT = iphoneos;
				STRING_CATALOG_GENERATE_SYMBOLS = YES;
				SWIFT_ACTIVE_COMPILATION_CONDITIONS = "DEBUG $(inherited)";
				SWIFT_OPTIMIZATION_LEVEL = "-Onone";
			};
			name = Debug;
		};
		FB88BDA62EA82A0E00DED886 /* Release */ = {
			isa = XCBuildConfiguration;
			buildSettings = {
				ALWAYS_SEARCH_USER_PATHS = NO;
				ASSETCATALOG_COMPILER_GENERATE_SWIFT_ASSET_SYMBOL_EXTENSIONS = YES;
				CLANG_ANALYZER_NONNULL = YES;
				CLANG_ANALYZER_NUMBER_OBJECT_CONVERSION = YES_AGGRESSIVE;
				CLANG_CXX_LANGUAGE_STANDARD = "gnu++20";
				CLANG_ENABLE_MODULES = YES;
				CLANG_ENABLE_OBJC_ARC = YES;
				CLANG_ENABLE_OBJC_WEAK = YES;
				CLANG_WARN_BLOCK_CAPTURE_AUTORELEASING = YES;
				CLANG_WARN_BOOL_CONVERSION = YES;
				CLANG_WARN_COMMA = YES;
				CLANG_WARN_CONSTANT_CONVERSION = YES;
				CLANG_WARN_DEPRECATED_OBJC_IMPLEMENTATIONS = YES;
				CLANG_WARN_DIRECT_OBJC_ISA_USAGE = YES_ERROR;
				CLANG_WARN_DOCUMENTATION_COMMENTS = YES;
				CLANG_WARN_EMPTY_BODY = YES;
				CLANG_WARN_ENUM_CONVERSION = YES;
				CLANG_WARN_INFINITE_RECURSION = YES;
				CLANG_WARN_INT_CONVERSION = YES;
				CLANG_WARN_NON_LITERAL_NULL_CONVERSION = YES;
				CLANG_WARN_OBJC_IMPLICIT_RETAIN_SELF = YES;
				CLANG_WARN_OBJC_LITERAL_CONVERSION = YES;
				CLANG_WARN_OBJC_ROOT_CLASS = YES_ERROR;
				CLANG_WARN_QUOTED_INCLUDE_IN_FRAMEWORK_HEADER = YES;
				CLANG_WARN_RANGE_LOOP_ANALYSIS = YES;
				CLANG_WARN_STRICT_PROTOTYPES = YES;
				CLANG_WARN_SUSPICIOUS_MOVE = YES;
				CLANG_WARN_UNGUARDED_AVAILABILITY = YES_AGGRESSIVE;
				CLANG_WARN_UNREACHABLE_CODE = YES;
				CLANG_WARN__DUPLICATE_METHOD_MATCH = YES;
				COPY_PHASE_STRIP = NO;
				DEBUG_INFORMATION_FORMAT = "dwarf-with-dsym";
				ENABLE_NS_ASSERTIONS = NO;
				ENABLE_STRICT_OBJC_MSGSEND = YES;
				ENABLE_USER_SCRIPT_SANDBOXING = YES;
				GCC_C_LANGUAGE_STANDARD = gnu17;
				GCC_NO_COMMON_BLOCKS = YES;
				GCC_WARN_64_TO_32_BIT_CONVERSION = YES;
				GCC_WARN_ABOUT_RETURN_TYPE = YES_ERROR;
				GCC_WARN_UNDECLARED_SELECTOR = YES;
				GCC_WARN_UNINITIALIZED_AUTOS = YES_AGGRESSIVE;
				GCC_WARN_UNUSED_FUNCTION = YES;
				GCC_WARN_UNUSED_VARIABLE = YES;
				IPHONEOS_DEPLOYMENT_TARGET = 26.0;
				LOCALIZATION_PREFERS_STRING_CATALOGS = YES;
				MTL_ENABLE_DEBUG_INFO = NO;
				MTL_FAST_MATH = YES;
				SDKROOT = iphoneos;
				STRING_CATALOG_GENERATE_SYMBOLS = YES;
				SWIFT_COMPILATION_MODE = wholemodule;
				VALIDATE_PRODUCT = YES;
			};
			name = Release;
		};
		FB88BDA82EA82A0E00DED886 /* Debug */ = {
			isa = XCBuildConfiguration;
			buildSettings = {
				ASSETCATALOG_COMPILER_APPICON_NAME = AppIcon;
				ASSETCATALOG_COMPILER_GLOBAL_ACCENT_COLOR_NAME = AccentColor;
				CODE_SIGN_STYLE = Automatic;
				CURRENT_PROJECT_VERSION = 1;
				ENABLE_PREVIEWS = YES;
				GENERATE_INFOPLIST_FILE = YES;
				INFOPLIST_KEY_UIApplicationSceneManifest_Generation = YES;
				INFOPLIST_KEY_UIApplicationSupportsIndirectInputEvents = YES;
				INFOPLIST_KEY_UILaunchScreen_Generation = YES;
				INFOPLIST_KEY_UISupportedInterfaceOrientations_iPad = "UIInterfaceOrientationPortrait UIInterfaceOrientationPortraitUpsideDown UIInterfaceOrientationLandscapeLeft UIInterfaceOrientationLandscapeRight";
				INFOPLIST_KEY_UISupportedInterfaceOrientations_iPhone = "UIInterfaceOrientationPortrait UIInterfaceOrientationLandscapeLeft UIInterfaceOrientationLandscapeRight";
				LD_RUNPATH_SEARCH_PATHS = (
					"$(inherited)",
					"@executable_path/Frameworks",
				);
				MARKETING_VERSION = 1.0;
				PRODUCT_BUNDLE_IDENTIFIER = LeslyInfante.BrainLock;
				PRODUCT_NAME = "$(TARGET_NAME)";
				STRING_CATALOG_GENERATE_SYMBOLS = YES;
				SWIFT_APPROACHABLE_CONCURRENCY = YES;
				SWIFT_DEFAULT_ACTOR_ISOLATION = MainActor;
				SWIFT_EMIT_LOC_STRINGS = YES;
				SWIFT_UPCOMING_FEATURE_MEMBER_IMPORT_VISIBILITY = YES;
				SWIFT_VERSION = 5.0;
				TARGETED_DEVICE_FAMILY = "1,2";
			};
			name = Debug;
		};
		FB88BDA92EA82A0E00DED886 /* Release */ = {
			isa = XCBuildConfiguration;
			buildSettings = {
				ASSETCATALOG_COMPILER_APPICON_NAME = AppIcon;
				ASSETCATALOG_COMPILER_GLOBAL_ACCENT_COLOR_NAME = AccentColor;
				CODE_SIGN_STYLE = Automatic;
				CURRENT_PROJECT_VERSION = 1;
				ENABLE_PREVIEWS = YES;
				GENERATE_INFOPLIST_FILE = YES;
				INFOPLIST_KEY_UIApplicationSceneManifest_Generation = YES;
				INFOPLIST_KEY_UIApplicationSupportsIndirectInputEvents = YES;
				INFOPLIST_KEY_UILaunchScreen_Generation = YES;
				INFOPLIST_KEY_UISupportedInterfaceOrientations_iPad = "UIInterfaceOrientationPortrait UIInterfaceOrientationPortraitUpsideDown UIInterfaceOrientationLandscapeLeft UIInterfaceOrientationLandscapeRight";
				INFOPLIST_KEY_UISupportedInterfaceOrientations_iPhone = "UIInterfaceOrientationPortrait UIInterfaceOrientationLandscapeLeft UIInterfaceOrientationLandscapeRight";
				LD_RUNPATH_SEARCH_PATHS = (
					"$(inherited)",
					"@executable_path/Frameworks",
				);
				MARKETING_VERSION = 1.0;
				PRODUCT_BUNDLE_IDENTIFIER = LeslyInfante.BrainLock;
				PRODUCT_NAME = "$(TARGET_NAME)";
				STRING_CATALOG_GENERATE_SYMBOLS = YES;
				SWIFT_APPROACHABLE_CONCURRENCY = YES;
				SWIFT_DEFAULT_ACTOR_ISOLATION = MainActor;
				SWIFT_EMIT_LOC_STRINGS = YES;
				SWIFT_UPCOMING_FEATURE_MEMBER_IMPORT_VISIBILITY = YES;
				SWIFT_VERSION = 5.0;
				TARGETED_DEVICE_FAMILY = "1,2";
			};
			name = Release;
		};
/* End XCBuildConfiguration section */

/* Begin XCConfigurationList section */
		FB88BD972EA82A0D00DED886 /* Build configuration list for PBXProject "BrainLock" */ = {
			isa = XCConfigurationList;
			buildConfigurations = (
				FB88BDA52EA82A0E00DED886 /* Debug */,
				FB88BDA62EA82A0E00DED886 /* Release */,
			);
			defaultConfigurationIsVisible = 0;
			defaultConfigurationName = Release;
		};
		FB88BDA72EA82A0E00DED886 /* Build configuration list for PBXNativeTarget "BrainLock" */ = {
			isa = XCConfigurationList;
			buildConfigurations = (
				FB88BDA82EA82A0E00DED886 /* Debug */,
				FB88BDA92EA82A0E00DED886 /* Release */,
			);
			defaultConfigurationIsVisible = 0;
			defaultConfigurationName = Release;
		};
/* End XCConfigurationList section */

/* Begin XCRemoteSwiftPackageReference section */
		281A94B02EB97CF200F5AB5E /* XCRemoteSwiftPackageReference "firebase-ios-sdk" */ = {
			isa = XCRemoteSwiftPackageReference;
			repositoryURL = "https://github.com/firebase/firebase-ios-sdk";
			requirement = {
				kind = upToNextMajorVersion;
				minimumVersion = 12.5.0;
			};
		};
/* End XCRemoteSwiftPackageReference section */

/* Begin XCSwiftPackageProductDependency section */
		281A94B12EB97CF200F5AB5E /* FirebaseAI */ = {
			isa = XCSwiftPackageProductDependency;
			package = 281A94B02EB97CF200F5AB5E /* XCRemoteSwiftPackageReference "firebase-ios-sdk" */;
			productName = FirebaseAI;
		};
		281A94B32EB97CF200F5AB5E /* FirebaseAILogic */ = {
			isa = XCSwiftPackageProductDependency;
			package = 281A94B02EB97CF200F5AB5E /* XCRemoteSwiftPackageReference "firebase-ios-sdk" */;
			productName = FirebaseAILogic;
		};
		281A94B52EB97CF200F5AB5E /* FirebaseAnalytics */ = {
			isa = XCSwiftPackageProductDependency;
			package = 281A94B02EB97CF200F5AB5E /* XCRemoteSwiftPackageReference "firebase-ios-sdk" */;
			productName = FirebaseAnalytics;
		};
		281A94B72EB97CF200F5AB5E /* FirebaseAnalyticsCore */ = {
			isa = XCSwiftPackageProductDependency;
			package = 281A94B02EB97CF200F5AB5E /* XCRemoteSwiftPackageReference "firebase-ios-sdk" */;
			productName = FirebaseAnalyticsCore;
		};
		281A94B92EB97CF200F5AB5E /* FirebaseAnalyticsIdentitySupport */ = {
			isa = XCSwiftPackageProductDependency;
			package = 281A94B02EB97CF200F5AB5E /* XCRemoteSwiftPackageReference "firebase-ios-sdk" */;
			productName = FirebaseAnalyticsIdentitySupport;
		};
		281A94BB2EB97CF200F5AB5E /* FirebaseCrashlytics */ = {
			isa = XCSwiftPackageProductDependency;
			package = 281A94B02EB97CF200F5AB5E /* XCRemoteSwiftPackageReference "firebase-ios-sdk" */;
			productName = FirebaseCrashlytics;
		};
		281A94BD2EB97CF200F5AB5E /* FirebaseDatabase */ = {
			isa = XCSwiftPackageProductDependency;
			package = 281A94B02EB97CF200F5AB5E /* XCRemoteSwiftPackageReference "firebase-ios-sdk" */;
			productName = FirebaseDatabase;
		};
		281A94BF2EB97CF200F5AB5E /* FirebaseFirestore */ = {
			isa = XCSwiftPackageProductDependency;
			package = 281A94B02EB97CF200F5AB5E /* XCRemoteSwiftPackageReference "firebase-ios-sdk" */;
			productName = FirebaseFirestore;
		};
		281A94C12EB97CF200F5AB5E /* FirebaseInstallations */ = {
			isa = XCSwiftPackageProductDependency;
			package = 281A94B02EB97CF200F5AB5E /* XCRemoteSwiftPackageReference "firebase-ios-sdk" */;
			productName = FirebaseInstallations;
		};
		281A94C32EB97CF200F5AB5E /* FirebaseMLModelDownloader */ = {
			isa = XCSwiftPackageProductDependency;
			package = 281A94B02EB97CF200F5AB5E /* XCRemoteSwiftPackageReference "firebase-ios-sdk" */;
			productName = FirebaseMLModelDownloader;
		};
		281A94C52EB97CF200F5AB5E /* FirebaseStorage */ = {
			isa = XCSwiftPackageProductDependency;
			package = 281A94B02EB97CF200F5AB5E /* XCRemoteSwiftPackageReference "firebase-ios-sdk" */;
			productName = FirebaseStorage;
		};
/* End XCSwiftPackageProductDependency section */
	};
	rootObject = FB88BD942EA82A0D00DED886 /* Project object */;
}
